
Microsoft Visual Studio Solution File, Format Version 12.00
# Visual Studio Version 17
VisualStudioVersion = 17.4.33122.133
MinimumVisualStudioVersion = 10.0.40219.1
Project("{54A90642-561A-4BB1-A94E-469ADEE60C69}") = "LetterManagementFrontend", "HUSTLetterManagementSystem\LetterManagementFrontend.esproj", "{145E0DB7-428B-4667-BA69-9081D3C4BA2F}"
EndProject
Project("{FAE04EC0-301F-11D3-BF4B-00C04F79EFBC}") = "LetterManagementBackendNoDocker", "LetterManagementBackendNoDocker\LetterManagementBackendNoDocker.csproj", "{35D87087-B1B6-4001-8D2D-1400B0FD4327}"
EndProject
Global
	GlobalSection(SolutionConfigurationPlatforms) = preSolution
		Debug|Any CPU = Debug|Any CPU
		Release|Any CPU = Release|Any CPU
	EndGlobalSection
	GlobalSection(ProjectConfigurationPlatforms) = postSolution
		{145E0DB7-428B-4667-BA69-9081D3C4BA2F}.Debug|Any CPU.ActiveCfg = Debug|Any CPU
		{145E0DB7-428B-4667-BA69-9081D3C4BA2F}.Debug|Any CPU.Build.0 = Debug|Any CPU
		{145E0DB7-428B-4667-BA69-9081D3C4BA2F}.Debug|Any CPU.Deploy.0 = Debug|Any CPU
		{145E0DB7-428B-4667-BA69-9081D3C4BA2F}.Release|Any CPU.ActiveCfg = Release|Any CPU
		{145E0DB7-428B-4667-BA69-9081D3C4BA2F}.Release|Any CPU.Build.0 = Release|Any CPU
		{145E0DB7-428B-4667-BA69-9081D3C4BA2F}.Release|Any CPU.Deploy.0 = Release|Any CPU
		{35D87087-B1B6-4001-8D2D-1400B0FD4327}.Debug|Any CPU.ActiveCfg = Debug|Any CPU
		{35D87087-B1B6-4001-8D2D-1400B0FD4327}.Debug|Any CPU.Build.0 = Debug|Any CPU
		{35D87087-B1B6-4001-8D2D-1400B0FD4327}.Release|Any CPU.ActiveCfg = Release|Any CPU
		{35D87087-B1B6-4001-8D2D-1400B0FD4327}.Release|Any CPU.Build.0 = Release|Any CPU
	EndGlobalSection
	GlobalSection(SolutionProperties) = preSolution
		HideSolutionNode = FALSE
	EndGlobalSection
	GlobalSection(ExtensibilityGlobals) = postSolution
		SolutionGuid = {01904375-7CDB-4243-AEE3-ACB38131642D}
	EndGlobalSection
EndGlobal
